
Microsoft Visual Studio Solution File, Format Version 12.00
# Visual Studio Version 17
VisualStudioVersion = 17.4.33205.214
MinimumVisualStudioVersion = 10.0.40219.1
Project("{FAE04EC0-301F-11D3-BF4B-00C04F79EFBC}") = "EduHome", "EduHome\EduHome.csproj", "{2C08251A-90E3-4EAB-B650-0DA2AD875158}"
EndProject
Global
	GlobalSection(SolutionConfigurationPlatforms) = preSolution
		Debug|Any CPU = Debug|Any CPU
		Release|Any CPU = Release|Any CPU
	EndGlobalSection
	GlobalSection(ProjectConfigurationPlatforms) = postSolution
		{2C08251A-90E3-4EAB-B650-0DA2AD875158}.Debug|Any CPU.ActiveCfg = Debug|Any CPU
		{2C08251A-90E3-4EAB-B650-0DA2AD875158}.Debug|Any CPU.Build.0 = Debug|Any CPU
		{2C08251A-90E3-4EAB-B650-0DA2AD875158}.Release|Any CPU.ActiveCfg = Release|Any CPU
		{2C08251A-90E3-4EAB-B650-0DA2AD875158}.Release|Any CPU.Build.0 = Release|Any CPU
	EndGlobalSection
	GlobalSection(SolutionProperties) = preSolution
		HideSolutionNode = FALSE
	EndGlobalSection
	GlobalSection(ExtensibilityGlobals) = postSolution
		SolutionGuid = {480B4238-CE1E-4631-B3D3-AE3D28E821C3}
	EndGlobalSection
EndGlobal
